
Microsoft Visual Studio Solution File, Format Version 12.00
# Visual Studio Version 16
VisualStudioVersion = 16.0.29613.14
MinimumVisualStudioVersion = 10.0.40219.1
Project("{FAE04EC0-301F-11D3-BF4B-00C04F79EFBC}") = "Server", "Server\Server.csproj", "{BEFC6FE9-2868-4798-898B-3114944B5BA1}"
EndProject
Project("{FAE04EC0-301F-11D3-BF4B-00C04F79EFBC}") = "User", "User\User.csproj", "{A75C56D5-E3BB-45F4-889C-B74E73D420F1}"
EndProject
Global
	GlobalSection(SolutionConfigurationPlatforms) = preSolution
		Debug|Any CPU = Debug|Any CPU
		Release|Any CPU = Release|Any CPU
	EndGlobalSection
	GlobalSection(ProjectConfigurationPlatforms) = postSolution
		{BEFC6FE9-2868-4798-898B-3114944B5BA1}.Debug|Any CPU.ActiveCfg = Debug|Any CPU
		{BEFC6FE9-2868-4798-898B-3114944B5BA1}.Debug|Any CPU.Build.0 = Debug|Any CPU
		{BEFC6FE9-2868-4798-898B-3114944B5BA1}.Release|Any CPU.ActiveCfg = Release|Any CPU
		{BEFC6FE9-2868-4798-898B-3114944B5BA1}.Release|Any CPU.Build.0 = Release|Any CPU
		{A75C56D5-E3BB-45F4-889C-B74E73D420F1}.Debug|Any CPU.ActiveCfg = Debug|Any CPU
		{A75C56D5-E3BB-45F4-889C-B74E73D420F1}.Debug|Any CPU.Build.0 = Debug|Any CPU
		{A75C56D5-E3BB-45F4-889C-B74E73D420F1}.Release|Any CPU.ActiveCfg = Release|Any CPU
		{A75C56D5-E3BB-45F4-889C-B74E73D420F1}.Release|Any CPU.Build.0 = Release|Any CPU
	EndGlobalSection
	GlobalSection(SolutionProperties) = preSolution
		HideSolutionNode = FALSE
	EndGlobalSection
	GlobalSection(ExtensibilityGlobals) = postSolution
		SolutionGuid = {FE988E4D-A89C-4680-A491-B19730CED745}
	EndGlobalSection
EndGlobal
